
Microsoft Visual Studio Solution File, Format Version 12.00
# Visual Studio Version 16
VisualStudioVersion = 16.0.30611.23
MinimumVisualStudioVersion = 10.0.40219.1
Project("{9A19103F-16F7-4668-BE54-9A1E7A4F7556}") = "nVideo", "nVideo\nVideo.csproj", "{D9F182CA-09E8-407A-A35E-AE980255F874}"
EndProject
Project("{FAE04EC0-301F-11D3-BF4B-00C04F79EFBC}") = "BLL", "BLL\BLL.csproj", "{BB870D69-52A2-42C5-8132-888DE170EF91}"
EndProject
Project("{F2A71F9B-5D33-465A-A702-920D77279786}") = "Infrastructure", "Infrastructure\Infrastructure.fsproj", "{652ECC95-4100-4FE4-B6F1-FB6E6979D6A5}"
EndProject
Global
	GlobalSection(SolutionConfigurationPlatforms) = preSolution
		Debug|Any CPU = Debug|Any CPU
		Release|Any CPU = Release|Any CPU
	EndGlobalSection
	GlobalSection(ProjectConfigurationPlatforms) = postSolution
		{D9F182CA-09E8-407A-A35E-AE980255F874}.Debug|Any CPU.ActiveCfg = Debug|Any CPU
		{D9F182CA-09E8-407A-A35E-AE980255F874}.Debug|Any CPU.Build.0 = Debug|Any CPU
		{D9F182CA-09E8-407A-A35E-AE980255F874}.Release|Any CPU.ActiveCfg = Release|Any CPU
		{D9F182CA-09E8-407A-A35E-AE980255F874}.Release|Any CPU.Build.0 = Release|Any CPU
		{BB870D69-52A2-42C5-8132-888DE170EF91}.Debug|Any CPU.ActiveCfg = Debug|Any CPU
		{BB870D69-52A2-42C5-8132-888DE170EF91}.Debug|Any CPU.Build.0 = Debug|Any CPU
		{BB870D69-52A2-42C5-8132-888DE170EF91}.Release|Any CPU.ActiveCfg = Release|Any CPU
		{BB870D69-52A2-42C5-8132-888DE170EF91}.Release|Any CPU.Build.0 = Release|Any CPU
		{652ECC95-4100-4FE4-B6F1-FB6E6979D6A5}.Debug|Any CPU.ActiveCfg = Debug|Any CPU
		{652ECC95-4100-4FE4-B6F1-FB6E6979D6A5}.Debug|Any CPU.Build.0 = Debug|Any CPU
		{652ECC95-4100-4FE4-B6F1-FB6E6979D6A5}.Release|Any CPU.ActiveCfg = Release|Any CPU
		{652ECC95-4100-4FE4-B6F1-FB6E6979D6A5}.Release|Any CPU.Build.0 = Release|Any CPU
	EndGlobalSection
	GlobalSection(SolutionProperties) = preSolution
		HideSolutionNode = FALSE
	EndGlobalSection
	GlobalSection(ExtensibilityGlobals) = postSolution
		SolutionGuid = {D85E140E-2147-414E-A5F3-7069D9DF98BC}
	EndGlobalSection
EndGlobal
