
Microsoft Visual Studio Solution File, Format Version 12.00
# Visual Studio Version 16
VisualStudioVersion = 16.0.30611.23
MinimumVisualStudioVersion = 10.0.40219.1
Project("{9A19103F-16F7-4668-BE54-9A1E7A4F7556}") = "nVideo", "nVideo\nVideo.csproj", "{D9F182CA-09E8-407A-A35E-AE980255F874}"
EndProject
Project("{9A19103F-16F7-4668-BE54-9A1E7A4F7556}") = "Cart", "Cart\Cart.csproj", "{0F34F57D-6E7B-47F5-AF1E-58BF5D6D9D28}"
EndProject
Project("{F2A71F9B-5D33-465A-A702-920D77279786}") = "nVideo_DAL", "nVideo_DAL\nVideo_DAL.fsproj", "{FE9E2CFE-C6F0-4638-AFD1-753317FCE696}"
EndProject
Global
	GlobalSection(SolutionConfigurationPlatforms) = preSolution
		Debug|Any CPU = Debug|Any CPU
		Release|Any CPU = Release|Any CPU
	EndGlobalSection
	GlobalSection(ProjectConfigurationPlatforms) = postSolution
		{D9F182CA-09E8-407A-A35E-AE980255F874}.Debug|Any CPU.ActiveCfg = Debug|Any CPU
		{D9F182CA-09E8-407A-A35E-AE980255F874}.Debug|Any CPU.Build.0 = Debug|Any CPU
		{D9F182CA-09E8-407A-A35E-AE980255F874}.Release|Any CPU.ActiveCfg = Release|Any CPU
		{D9F182CA-09E8-407A-A35E-AE980255F874}.Release|Any CPU.Build.0 = Release|Any CPU
		{0F34F57D-6E7B-47F5-AF1E-58BF5D6D9D28}.Debug|Any CPU.ActiveCfg = Debug|Any CPU
		{0F34F57D-6E7B-47F5-AF1E-58BF5D6D9D28}.Debug|Any CPU.Build.0 = Debug|Any CPU
		{0F34F57D-6E7B-47F5-AF1E-58BF5D6D9D28}.Release|Any CPU.ActiveCfg = Release|Any CPU
		{0F34F57D-6E7B-47F5-AF1E-58BF5D6D9D28}.Release|Any CPU.Build.0 = Release|Any CPU
		{FE9E2CFE-C6F0-4638-AFD1-753317FCE696}.Debug|Any CPU.ActiveCfg = Debug|Any CPU
		{FE9E2CFE-C6F0-4638-AFD1-753317FCE696}.Debug|Any CPU.Build.0 = Debug|Any CPU
		{FE9E2CFE-C6F0-4638-AFD1-753317FCE696}.Release|Any CPU.ActiveCfg = Release|Any CPU
		{FE9E2CFE-C6F0-4638-AFD1-753317FCE696}.Release|Any CPU.Build.0 = Release|Any CPU
	EndGlobalSection
	GlobalSection(SolutionProperties) = preSolution
		HideSolutionNode = FALSE
	EndGlobalSection
	GlobalSection(ExtensibilityGlobals) = postSolution
		SolutionGuid = {D85E140E-2147-414E-A5F3-7069D9DF98BC}
	EndGlobalSection
EndGlobal
